// !$*UTF8*$!
{
	archiveVersion = 1;
	classes = {
	};
	objectVersion = 48;
	objects = {

/* Begin PBXBuildFile section */
		3F368B72201BE3E600D94E75 /* Grid.swift in Sources */ = {isa = PBXBuildFile; fileRef = 3F368B71201BE3E600D94E75 /* Grid.swift */; };
		3F3DD99B2016A73500875E92 /* AppDelegate.swift in Sources */ = {isa = PBXBuildFile; fileRef = 3F3DD99A2016A73500875E92 /* AppDelegate.swift */; };
		3F3DD99D2016A73500875E92 /* SetGameViewController.swift in Sources */ = {isa = PBXBuildFile; fileRef = 3F3DD99C2016A73500875E92 /* SetGameViewController.swift */; };
		3F3DD9A02016A73500875E92 /* Main.storyboard in Resources */ = {isa = PBXBuildFile; fileRef = 3F3DD99E2016A73500875E92 /* Main.storyboard */; };
		3F3DD9A22016A73500875E92 /* Assets.xcassets in Resources */ = {isa = PBXBuildFile; fileRef = 3F3DD9A12016A73500875E92 /* Assets.xcassets */; };
		3F3DD9A52016A73500875E92 /* LaunchScreen.storyboard in Resources */ = {isa = PBXBuildFile; fileRef = 3F3DD9A32016A73500875E92 /* LaunchScreen.storyboard */; };
		3F3DD9B02016C9B000875E92 /* SetDeck.swift in Sources */ = {isa = PBXBuildFile; fileRef = 3F3DD9AF2016C9B000875E92 /* SetDeck.swift */; };
		3F3DD9B22016D43200875E92 /* SetGame.swift in Sources */ = {isa = PBXBuildFile; fileRef = 3F3DD9B12016D43200875E92 /* SetGame.swift */; };
		3F6EEF8D2104777A004E8A3B /* GraphicsView.swift in Sources */ = {isa = PBXBuildFile; fileRef = 3F6EEF8C2104777A004E8A3B /* GraphicsView.swift */; };
		3F9A0CA52025401500C4CD0A /* Default-568h@2x.png in Resources */ = {isa = PBXBuildFile; fileRef = 3F9A0CA42025401500C4CD0A /* Default-568h@2x.png */; };
		3F9A0CA72025500B00C4CD0A /* SetCardBehavior.swift in Sources */ = {isa = PBXBuildFile; fileRef = 3F9A0CA62025500B00C4CD0A /* SetCardBehavior.swift */; };
		3F9D3633202D0D77002938AC /* SetCard.swift in Sources */ = {isa = PBXBuildFile; fileRef = 3F9D3632202D0D77002938AC /* SetCard.swift */; };
		3FBD2E32201C09D70050F4F8 /* SetCardView.swift in Sources */ = {isa = PBXBuildFile; fileRef = 3FBD2E31201C09D70050F4F8 /* SetCardView.swift */; };
/* End PBXBuildFile section */

/* Begin PBXFileReference section */
		3F368B71201BE3E600D94E75 /* Grid.swift */ = {isa = PBXFileReference; fileEncoding = 4; lastKnownFileType = sourcecode.swift; path = Grid.swift; sourceTree = "<group>"; };
		3F3DD9972016A73500875E92 /* AnimationSet.app */ = {isa = PBXFileReference; explicitFileType = wrapper.application; includeInIndex = 0; path = AnimationSet.app; sourceTree = BUILT_PRODUCTS_DIR; };
		3F3DD99A2016A73500875E92 /* AppDelegate.swift */ = {isa = PBXFileReference; lastKnownFileType = sourcecode.swift; path = AppDelegate.swift; sourceTree = "<group>"; };
		3F3DD99C2016A73500875E92 /* SetGameViewController.swift */ = {isa = PBXFileReference; lastKnownFileType = sourcecode.swift; path = SetGameViewController.swift; sourceTree = "<group>"; };
		3F3DD99F2016A73500875E92 /* Base */ = {isa = PBXFileReference; lastKnownFileType = file.storyboard; name = Base; path = Base.lproj/Main.storyboard; sourceTree = "<group>"; };
		3F3DD9A12016A73500875E92 /* Assets.xcassets */ = {isa = PBXFileReference; lastKnownFileType = folder.assetcatalog; path = Assets.xcassets; sourceTree = "<group>"; };
		3F3DD9A42016A73500875E92 /* Base */ = {isa = PBXFileReference; lastKnownFileType = file.storyboard; name = Base; path = Base.lproj/LaunchScreen.storyboard; sourceTree = "<group>"; };
		3F3DD9A62016A73500875E92 /* Info.plist */ = {isa = PBXFileReference; lastKnownFileType = text.plist.xml; path = Info.plist; sourceTree = "<group>"; };
		3F3DD9AF2016C9B000875E92 /* SetDeck.swift */ = {isa = PBXFileReference; lastKnownFileType = sourcecode.swift; path = SetDeck.swift; sourceTree = "<group>"; };
		3F3DD9B12016D43200875E92 /* SetGame.swift */ = {isa = PBXFileReference; lastKnownFileType = sourcecode.swift; path = SetGame.swift; sourceTree = "<group>"; };
		3F6EEF8C2104777A004E8A3B /* GraphicsView.swift */ = {isa = PBXFileReference; lastKnownFileType = sourcecode.swift; path = GraphicsView.swift; sourceTree = "<group>"; };
		3F9A0CA42025401500C4CD0A /* Default-568h@2x.png */ = {isa = PBXFileReference; lastKnownFileType = image.png; path = "Default-568h@2x.png"; sourceTree = "<group>"; };
		3F9A0CA62025500B00C4CD0A /* SetCardBehavior.swift */ = {isa = PBXFileReference; lastKnownFileType = sourcecode.swift; path = SetCardBehavior.swift; sourceTree = "<group>"; };
		3F9D3632202D0D77002938AC /* SetCard.swift */ = {isa = PBXFileReference; fileEncoding = 4; lastKnownFileType = sourcecode.swift; path = SetCard.swift; sourceTree = "<group>"; };
		3FBD2E31201C09D70050F4F8 /* SetCardView.swift */ = {isa = PBXFileReference; lastKnownFileType = sourcecode.swift; path = SetCardView.swift; sourceTree = "<group>"; };
/* End PBXFileReference section */

/* Begin PBXFrameworksBuildPhase section */
		3F3DD9942016A73500875E92 /* Frameworks */ = {
			isa = PBXFrameworksBuildPhase;
			buildActionMask = 2147483647;
			files = (
			);
			runOnlyForDeploymentPostprocessing = 0;
		};
/* End PBXFrameworksBuildPhase section */

/* Begin PBXGroup section */
		3F3DD98E2016A73500875E92 = {
			isa = PBXGroup;
			children = (
				3F9A0CA42025401500C4CD0A /* Default-568h@2x.png */,
				3F3DD9992016A73500875E92 /* AnimationSet */,
				3F3DD9982016A73500875E92 /* Products */,
			);
			sourceTree = "<group>";
		};
		3F3DD9982016A73500875E92 /* Products */ = {
			isa = PBXGroup;
			children = (
				3F3DD9972016A73500875E92 /* AnimationSet.app */,
			);
			name = Products;
			sourceTree = "<group>";
		};
		3F3DD9992016A73500875E92 /* AnimationSet */ = {
			isa = PBXGroup;
			children = (
				3F368B71201BE3E600D94E75 /* Grid.swift */,
				3F3DD9AC2016B1E200875E92 /* Supporting Files */,
				3F3DD99C2016A73500875E92 /* SetGameViewController.swift */,
				3F9A0CA62025500B00C4CD0A /* SetCardBehavior.swift */,
				3F3DD99E2016A73500875E92 /* Main.storyboard */,
				3F9D3632202D0D77002938AC /* SetCard.swift */,
				3F3DD9B12016D43200875E92 /* SetGame.swift */,
				3F3DD9A12016A73500875E92 /* Assets.xcassets */,
				3F3DD9A62016A73500875E92 /* Info.plist */,
				3F3DD9AF2016C9B000875E92 /* SetDeck.swift */,
				3FBD2E31201C09D70050F4F8 /* SetCardView.swift */,
				3F6EEF8C2104777A004E8A3B /* GraphicsView.swift */,
			);
			path = AnimationSet;
			sourceTree = "<group>";
		};
		3F3DD9AC2016B1E200875E92 /* Supporting Files */ = {
			isa = PBXGroup;
			children = (
				3F3DD99A2016A73500875E92 /* AppDelegate.swift */,
				3F3DD9A32016A73500875E92 /* LaunchScreen.storyboard */,
			);
			path = "Supporting Files";
			sourceTree = "<group>";
		};
/* End PBXGroup section */

/* Begin PBXNativeTarget section */
		3F3DD9962016A73500875E92 /* AnimationSet */ = {
			isa = PBXNativeTarget;
			buildConfigurationList = 3F3DD9A92016A73500875E92 /* Build configuration list for PBXNativeTarget "AnimationSet" */;
			buildPhases = (
				3F3DD9932016A73500875E92 /* Sources */,
				3F3DD9942016A73500875E92 /* Frameworks */,
				3F3DD9952016A73500875E92 /* Resources */,
			);
			buildRules = (
			);
			dependencies = (
			);
			name = AnimationSet;
			productName = SetV2;
			productReference = 3F3DD9972016A73500875E92 /* AnimationSet.app */;
			productType = "com.apple.product-type.application";
		};
/* End PBXNativeTarget section */

/* Begin PBXProject section */
		3F3DD98F2016A73500875E92 /* Project object */ = {
			isa = PBXProject;
			attributes = {
				LastSwiftUpdateCheck = 0920;
				LastUpgradeCheck = 0920;
				ORGANIZATIONNAME = "Alan Tseng";
				TargetAttributes = {
					3F3DD9962016A73500875E92 = {
						CreatedOnToolsVersion = 9.2;
						ProvisioningStyle = Automatic;
					};
				};
			};
			buildConfigurationList = 3F3DD9922016A73500875E92 /* Build configuration list for PBXProject "AnimationSet" */;
			compatibilityVersion = "Xcode 8.0";
			developmentRegion = en;
			hasScannedForEncodings = 0;
			knownRegions = (
				en,
				Base,
			);
			mainGroup = 3F3DD98E2016A73500875E92;
			productRefGroup = 3F3DD9982016A73500875E92 /* Products */;
			projectDirPath = "";
			projectRoot = "";
			targets = (
				3F3DD9962016A73500875E92 /* AnimationSet */,
			);
		};
/* End PBXProject section */

/* Begin PBXResourcesBuildPhase section */
		3F3DD9952016A73500875E92 /* Resources */ = {
			isa = PBXResourcesBuildPhase;
			buildActionMask = 2147483647;
			files = (
				3F3DD9A52016A73500875E92 /* LaunchScreen.storyboard in Resources */,
				3F9A0CA52025401500C4CD0A /* Default-568h@2x.png in Resources */,
				3F3DD9A22016A73500875E92 /* Assets.xcassets in Resources */,
				3F3DD9A02016A73500875E92 /* Main.storyboard in Resources */,
			);
			runOnlyForDeploymentPostprocessing = 0;
		};
/* End PBXResourcesBuildPhase section */

/* Begin PBXSourcesBuildPhase section */
		3F3DD9932016A73500875E92 /* Sources */ = {
			isa = PBXSourcesBuildPhase;
			buildActionMask = 2147483647;
			files = (
				3F3DD99D2016A73500875E92 /* SetGameViewController.swift in Sources */,
				3FBD2E32201C09D70050F4F8 /* SetCardView.swift in Sources */,
				3F9D3633202D0D77002938AC /* SetCard.swift in Sources */,
				3F3DD9B22016D43200875E92 /* SetGame.swift in Sources */,
				3F3DD99B2016A73500875E92 /* AppDelegate.swift in Sources */,
				3F3DD9B02016C9B000875E92 /* SetDeck.swift in Sources */,
				3F9A0CA72025500B00C4CD0A /* SetCardBehavior.swift in Sources */,
				3F368B72201BE3E600D94E75 /* Grid.swift in Sources */,
				3F6EEF8D2104777A004E8A3B /* GraphicsView.swift in Sources */,
			);
			runOnlyForDeploymentPostprocessing = 0;
		};
/* End PBXSourcesBuildPhase section */

/* Begin PBXVariantGroup section */
		3F3DD99E2016A73500875E92 /* Main.storyboard */ = {
			isa = PBXVariantGroup;
			children = (
				3F3DD99F2016A73500875E92 /* Base */,
			);
			name = Main.storyboard;
			sourceTree = "<group>";
		};
		3F3DD9A32016A73500875E92 /* LaunchScreen.storyboard */ = {
			isa = PBXVariantGroup;
			children = (
				3F3DD9A42016A73500875E92 /* Base */,
			);
			name = LaunchScreen.storyboard;
			sourceTree = "<group>";
		};
/* End PBXVariantGroup section */

/* Begin XCBuildConfiguration section */
		3F3DD9A72016A73500875E92 /* Debug */ = {
			isa = XCBuildConfiguration;
			buildSettings = {
				ALWAYS_SEARCH_USER_PATHS = NO;
				CLANG_ANALYZER_NONNULL = YES;
				CLANG_ANALYZER_NUMBER_OBJECT_CONVERSION = YES_AGGRESSIVE;
				CLANG_CXX_LANGUAGE_STANDARD = "gnu++14";
				CLANG_CXX_LIBRARY = "libc++";
				CLANG_ENABLE_MODULES = YES;
				CLANG_ENABLE_OBJC_ARC = YES;
				CLANG_WARN_BLOCK_CAPTURE_AUTORELEASING = YES;
				CLANG_WARN_BOOL_CONVERSION = YES;
				CLANG_WARN_COMMA = YES;
				CLANG_WARN_CONSTANT_CONVERSION = YES;
				CLANG_WARN_DIRECT_OBJC_ISA_USAGE = YES_ERROR;
				CLANG_WARN_DOCUMENTATION_COMMENTS = YES;
				CLANG_WARN_EMPTY_BODY = YES;
				CLANG_WARN_ENUM_CONVERSION = YES;
				CLANG_WARN_INFINITE_RECURSION = YES;
				CLANG_WARN_INT_CONVERSION = YES;
				CLANG_WARN_NON_LITERAL_NULL_CONVERSION = YES;
				CLANG_WARN_OBJC_LITERAL_CONVERSION = YES;
				CLANG_WARN_OBJC_ROOT_CLASS = YES_ERROR;
				CLANG_WARN_RANGE_LOOP_ANALYSIS = YES;
				CLANG_WARN_STRICT_PROTOTYPES = YES;
				CLANG_WARN_SUSPICIOUS_MOVE = YES;
				CLANG_WARN_UNGUARDED_AVAILABILITY = YES_AGGRESSIVE;
				CLANG_WARN_UNREACHABLE_CODE = YES;
				CLANG_WARN__DUPLICATE_METHOD_MATCH = YES;
				CODE_SIGN_IDENTITY = "iPhone Developer";
				COPY_PHASE_STRIP = NO;
				DEBUG_INFORMATION_FORMAT = dwarf;
				ENABLE_STRICT_OBJC_MSGSEND = YES;
				ENABLE_TESTABILITY = YES;
				GCC_C_LANGUAGE_STANDARD = gnu11;
				GCC_DYNAMIC_NO_PIC = NO;
				GCC_NO_COMMON_BLOCKS = YES;
				GCC_OPTIMIZATION_LEVEL = 0;
				GCC_PREPROCESSOR_DEFINITIONS = (
					"DEBUG=1",
					"$(inherited)",
				);
				GCC_WARN_64_TO_32_BIT_CONVERSION = YES;
				GCC_WARN_ABOUT_RETURN_TYPE = YES_ERROR;
				GCC_WARN_UNDECLARED_SELECTOR = YES;
				GCC_WARN_UNINITIALIZED_AUTOS = YES_AGGRESSIVE;
				GCC_WARN_UNUSED_FUNCTION = YES;
				GCC_WARN_UNUSED_VARIABLE = YES;
				IPHONEOS_DEPLOYMENT_TARGET = 11.2;
				MTL_ENABLE_DEBUG_INFO = YES;
				ONLY_ACTIVE_ARCH = YES;
				SDKROOT = iphoneos;
				SWIFT_ACTIVE_COMPILATION_CONDITIONS = DEBUG;
				SWIFT_OPTIMIZATION_LEVEL = "-Onone";
			};
			name = Debug;
		};
		3F3DD9A82016A73500875E92 /* Release */ = {
			isa = XCBuildConfiguration;
			buildSettings = {
				ALWAYS_SEARCH_USER_PATHS = NO;
				CLANG_ANALYZER_NONNULL = YES;
				CLANG_ANALYZER_NUMBER_OBJECT_CONVERSION = YES_AGGRESSIVE;
				CLANG_CXX_LANGUAGE_STANDARD = "gnu++14";
				CLANG_CXX_LIBRARY = "libc++";
				CLANG_ENABLE_MODULES = YES;
				CLANG_ENABLE_OBJC_ARC = YES;
				CLANG_WARN_BLOCK_CAPTURE_AUTORELEASING = YES;
				CLANG_WARN_BOOL_CONVERSION = YES;
				CLANG_WARN_COMMA = YES;
				CLANG_WARN_CONSTANT_CONVERSION = YES;
				CLANG_WARN_DIRECT_OBJC_ISA_USAGE = YES_ERROR;
				CLANG_WARN_DOCUMENTATION_COMMENTS = YES;
				CLANG_WARN_EMPTY_BODY = YES;
				CLANG_WARN_ENUM_CONVERSION = YES;
				CLANG_WARN_INFINITE_RECURSION = YES;
				CLANG_WARN_INT_CONVERSION = YES;
				CLANG_WARN_NON_LITERAL_NULL_CONVERSION = YES;
				CLANG_WARN_OBJC_LITERAL_CONVERSION = YES;
				CLANG_WARN_OBJC_ROOT_CLASS = YES_ERROR;
				CLANG_WARN_RANGE_LOOP_ANALYSIS = YES;
				CLANG_WARN_STRICT_PROTOTYPES = YES;
				CLANG_WARN_SUSPICIOUS_MOVE = YES;
				CLANG_WARN_UNGUARDED_AVAILABILITY = YES_AGGRESSIVE;
				CLANG_WARN_UNREACHABLE_CODE = YES;
				CLANG_WARN__DUPLICATE_METHOD_MATCH = YES;
				CODE_SIGN_IDENTITY = "iPhone Developer";
				COPY_PHASE_STRIP = NO;
				DEBUG_INFORMATION_FORMAT = "dwarf-with-dsym";
				ENABLE_NS_ASSERTIONS = NO;
				ENABLE_STRICT_OBJC_MSGSEND = YES;
				GCC_C_LANGUAGE_STANDARD = gnu11;
				GCC_NO_COMMON_BLOCKS = YES;
				GCC_WARN_64_TO_32_BIT_CONVERSION = YES;
				GCC_WARN_ABOUT_RETURN_TYPE = YES_ERROR;
				GCC_WARN_UNDECLARED_SELECTOR = YES;
				GCC_WARN_UNINITIALIZED_AUTOS = YES_AGGRESSIVE;
				GCC_WARN_UNUSED_FUNCTION = YES;
				GCC_WARN_UNUSED_VARIABLE = YES;
				IPHONEOS_DEPLOYMENT_TARGET = 11.2;
				MTL_ENABLE_DEBUG_INFO = NO;
				SDKROOT = iphoneos;
				SWIFT_OPTIMIZATION_LEVEL = "-Owholemodule";
				VALIDATE_PRODUCT = YES;
			};
			name = Release;
		};
		3F3DD9AA2016A73500875E92 /* Debug */ = {
			isa = XCBuildConfiguration;
			buildSettings = {
				ASSETCATALOG_COMPILER_APPICON_NAME = AppIcon;
				CODE_SIGN_STYLE = Automatic;
				DEVELOPMENT_TEAM = X7S248TKE9;
				INFOPLIST_FILE = "$(SRCROOT)/AnimationSet/Info.plist";
				LD_RUNPATH_SEARCH_PATHS = "$(inherited) @executable_path/Frameworks";
				PRODUCT_BUNDLE_IDENTIFIER = edu.stanford.cs193p.3965.AnimationSet;
				PRODUCT_NAME = "$(TARGET_NAME)";
				SWIFT_VERSION = 4.0;
				TARGETED_DEVICE_FAMILY = "1,2";
			};
			name = Debug;
		};
		3F3DD9AB2016A73500875E92 /* Release */ = {
			isa = XCBuildConfiguration;
			buildSettings = {
				ASSETCATALOG_COMPILER_APPICON_NAME = AppIcon;
				CODE_SIGN_STYLE = Automatic;
				DEVELOPMENT_TEAM = X7S248TKE9;
				INFOPLIST_FILE = "$(SRCROOT)/AnimationSet/Info.plist";
				LD_RUNPATH_SEARCH_PATHS = "$(inherited) @executable_path/Frameworks";
				PRODUCT_BUNDLE_IDENTIFIER = edu.stanford.cs193p.3965.AnimationSet;
				PRODUCT_NAME = "$(TARGET_NAME)";
				SWIFT_VERSION = 4.0;
				TARGETED_DEVICE_FAMILY = "1,2";
			};
			name = Release;
		};
/* End XCBuildConfiguration section */

/* Begin XCConfigurationList section */
		3F3DD9922016A73500875E92 /* Build configuration list for PBXProject "AnimationSet" */ = {
			isa = XCConfigurationList;
			buildConfigurations = (
				3F3DD9A72016A73500875E92 /* Debug */,
				3F3DD9A82016A73500875E92 /* Release */,
			);
			defaultConfigurationIsVisible = 0;
			defaultConfigurationName = Release;
		};
		3F3DD9A92016A73500875E92 /* Build configuration list for PBXNativeTarget "AnimationSet" */ = {
			isa = XCConfigurationList;
			buildConfigurations = (
				3F3DD9AA2016A73500875E92 /* Debug */,
				3F3DD9AB2016A73500875E92 /* Release */,
			);
			defaultConfigurationIsVisible = 0;
			defaultConfigurationName = Release;
		};
/* End XCConfigurationList section */
	};
	rootObject = 3F3DD98F2016A73500875E92 /* Project object */;
}
